// !$*UTF8*$!
{
	archiveVersion = 1;
	classes = {
	};
	objectVersion = 56;
	objects = {

/* Begin PBXBuildFile section */
		D839DF3B2B3535A200E82D16 /* Splash.storyboard in Resources */ = {isa = PBXBuildFile; fileRef = D839DF3A2B3535A200E82D16 /* Splash.storyboard */; };
		D839DF3D2B3535DD00E82D16 /* SplashViewController.swift in Sources */ = {isa = PBXBuildFile; fileRef = D839DF3C2B3535DD00E82D16 /* SplashViewController.swift */; };
		D839DF402B353DE800E82D16 /* Lottie in Frameworks */ = {isa = PBXBuildFile; productRef = D839DF3F2B353DE800E82D16 /* Lottie */; };
		D839DF432B35407200E82D16 /* Images.xcassets in Resources */ = {isa = PBXBuildFile; fileRef = D839DF422B35407200E82D16 /* Images.xcassets */; };
		D839DF452B35421B00E82D16 /* CCImage.swift in Sources */ = {isa = PBXBuildFile; fileRef = D839DF442B35421B00E82D16 /* CCImage.swift */; };
		D839DF472B35434600E82D16 /* Colors.xcassets in Resources */ = {isa = PBXBuildFile; fileRef = D839DF462B35434600E82D16 /* Colors.xcassets */; };
		D839DF492B35452D00E82D16 /* CCColor.swift in Sources */ = {isa = PBXBuildFile; fileRef = D839DF482B35452D00E82D16 /* CCColor.swift */; };
		D839DF4B2B3545FE00E82D16 /* CCFont.swift in Sources */ = {isa = PBXBuildFile; fileRef = D839DF4A2B3545FE00E82D16 /* CCFont.swift */; };
		D839DF4F2B354B3600E82D16 /* Home.storyboard in Resources */ = {isa = PBXBuildFile; fileRef = D839DF4E2B354B3600E82D16 /* Home.storyboard */; };
		D839DF512B354B4600E82D16 /* HomeViewController.swift in Sources */ = {isa = PBXBuildFile; fileRef = D839DF502B354B4600E82D16 /* HomeViewController.swift */; };
		D839DF552B35513A00E82D16 /* HomeBannerCollectionViewCell.swift in Sources */ = {isa = PBXBuildFile; fileRef = D839DF542B35513A00E82D16 /* HomeBannerCollectionViewCell.swift */; };
		D839DF572B35595F00E82D16 /* HomeProductCollectionViewCell.swift in Sources */ = {isa = PBXBuildFile; fileRef = D839DF562B35595F00E82D16 /* HomeProductCollectionViewCell.swift */; };
		D839DF5B2B356C2600E82D16 /* NetworkService.swift in Sources */ = {isa = PBXBuildFile; fileRef = D839DF5A2B356C2600E82D16 /* NetworkService.swift */; };
		D839DF5E2B356FDF00E82D16 /* HomeResponse.swift in Sources */ = {isa = PBXBuildFile; fileRef = D839DF5D2B356FDF00E82D16 /* HomeResponse.swift */; };
		D839DF612B35749500E82D16 /* Kingfisher in Frameworks */ = {isa = PBXBuildFile; productRef = D839DF602B35749500E82D16 /* Kingfisher */; };
		D839DF632B357C2400E82D16 /* HomeViewModel.swift in Sources */ = {isa = PBXBuildFile; fileRef = D839DF622B357C2400E82D16 /* HomeViewModel.swift */; };
		D839DF662B3586B200E82D16 /* Numeric+Extension.swift in Sources */ = {isa = PBXBuildFile; fileRef = D839DF652B3586B200E82D16 /* Numeric+Extension.swift */; };
		D839DF682B358C9B00E82D16 /* HomeCouponButtonCollectionViewCell.swift in Sources */ = {isa = PBXBuildFile; fileRef = D839DF672B358C9B00E82D16 /* HomeCouponButtonCollectionViewCell.swift */; };
		D839DF6A2B35D13100E82D16 /* HomeSeperatorCollectionViewCell.swift in Sources */ = {isa = PBXBuildFile; fileRef = D839DF692B35D13100E82D16 /* HomeSeperatorCollectionViewCell.swift */; };
		D839DF6C2B35D91500E82D16 /* HomeThemeCollectionViewCell.swift in Sources */ = {isa = PBXBuildFile; fileRef = D839DF6B2B35D91500E82D16 /* HomeThemeCollectionViewCell.swift */; };
		D839DF6E2B35DFD000E82D16 /* HomeThemeHeaderCollectionReusableView.swift in Sources */ = {isa = PBXBuildFile; fileRef = D839DF6D2B35DFD000E82D16 /* HomeThemeHeaderCollectionReusableView.swift */; };
		D839DFA82B3AC7A300E82D16 /* HomeCategoryCollectionViewCell.swift in Sources */ = {isa = PBXBuildFile; fileRef = D839DFA72B3AC7A300E82D16 /* HomeCategoryCollectionViewCell.swift */; };
		D839DFAB2B3B022B00E82D16 /* Favorite.storyboard in Resources */ = {isa = PBXBuildFile; fileRef = D839DFAA2B3B022B00E82D16 /* Favorite.storyboard */; };
		D839DFAD2B3B024600E82D16 /* FavoriteViewController.swift in Sources */ = {isa = PBXBuildFile; fileRef = D839DFAC2B3B024600E82D16 /* FavoriteViewController.swift */; };
		D839DFAF2B3B026400E82D16 /* FavoriteViewModel.swift in Sources */ = {isa = PBXBuildFile; fileRef = D839DFAE2B3B026400E82D16 /* FavoriteViewModel.swift */; };
		D839DFB22B3BD86A00E82D16 /* FavoriteTableViewCell.swift in Sources */ = {isa = PBXBuildFile; fileRef = D839DFB12B3BD86A00E82D16 /* FavoriteTableViewCell.swift */; };
		D839DFB42B3BDD3B00E82D16 /* FavoritePurchaseButton.swift in Sources */ = {isa = PBXBuildFile; fileRef = D839DFB32B3BDD3B00E82D16 /* FavoritePurchaseButton.swift */; };
		D839DFB62B3BDF2C00E82D16 /* FavoriteResponse.swift in Sources */ = {isa = PBXBuildFile; fileRef = D839DFB52B3BDF2C00E82D16 /* FavoriteResponse.swift */; };
		D839DFB82B3BE0D300E82D16 /* Product.swift in Sources */ = {isa = PBXBuildFile; fileRef = D839DFB72B3BE0D300E82D16 /* Product.swift */; };
		D839DFBC2B3BF28300E82D16 /* ProductDetailRootView.swift in Sources */ = {isa = PBXBuildFile; fileRef = D839DFBB2B3BF28300E82D16 /* ProductDetailRootView.swift */; };
		D839DFBE2B3BF2AC00E82D16 /* ProductDetailViewModel.swift in Sources */ = {isa = PBXBuildFile; fileRef = D839DFBD2B3BF2AC00E82D16 /* ProductDetailViewModel.swift */; };
		D839DFC02B3BF33300E82D16 /* ProductResponse.swift in Sources */ = {isa = PBXBuildFile; fileRef = D839DFBF2B3BF33300E82D16 /* ProductResponse.swift */; };
		D839DFC22B3BFA4000E82D16 /* ProductDetailBannerView.swift in Sources */ = {isa = PBXBuildFile; fileRef = D839DFC12B3BFA4000E82D16 /* ProductDetailBannerView.swift */; };
		D839DFC42B3BFF5A00E82D16 /* ProductDetailRateView.swift in Sources */ = {isa = PBXBuildFile; fileRef = D839DFC32B3BFF5A00E82D16 /* ProductDetailRateView.swift */; };
		D839DFC62B3C034000E82D16 /* ProductDetailOptionView.swift in Sources */ = {isa = PBXBuildFile; fileRef = D839DFC52B3C034000E82D16 /* ProductDetailOptionView.swift */; };
		D839DFC82B3C04E800E82D16 /* ProductDetailPriceView.swift in Sources */ = {isa = PBXBuildFile; fileRef = D839DFC72B3C04E800E82D16 /* ProductDetailPriceView.swift */; };
		D839DFCA2B3C104900E82D16 /* ProductDetailMoreButton.swift in Sources */ = {isa = PBXBuildFile; fileRef = D839DFC92B3C104900E82D16 /* ProductDetailMoreButton.swift */; };
		D839DFCC2B3C11E800E82D16 /* ProductDetailPurchaseView.swift in Sources */ = {isa = PBXBuildFile; fileRef = D839DFCB2B3C11E800E82D16 /* ProductDetailPurchaseView.swift */; };
		D839DFCE2B3C19A300E82D16 /* ProductDetail.storyboard in Resources */ = {isa = PBXBuildFile; fileRef = D839DFCD2B3C19A300E82D16 /* ProductDetail.storyboard */; };
		D839DFD02B3C19B700E82D16 /* ProductDetailViewController.swift in Sources */ = {isa = PBXBuildFile; fileRef = D839DFCF2B3C19B700E82D16 /* ProductDetailViewController.swift */; };
		D839DFD32B3C303C00E82D16 /* OptionViewController.swift in Sources */ = {isa = PBXBuildFile; fileRef = D839DFD22B3C303C00E82D16 /* OptionViewController.swift */; };
		D839DFD52B3C305300E82D16 /* OptionViewModel.swift in Sources */ = {isa = PBXBuildFile; fileRef = D839DFD42B3C305300E82D16 /* OptionViewModel.swift */; };
		D839DFD72B3C305F00E82D16 /* OptionRootView.swift in Sources */ = {isa = PBXBuildFile; fileRef = D839DFD62B3C305F00E82D16 /* OptionRootView.swift */; };
		D8494FB62B352A57001B6523 /* AppDelegate.swift in Sources */ = {isa = PBXBuildFile; fileRef = D8494FB52B352A57001B6523 /* AppDelegate.swift */; };
		D8494FB82B352A57001B6523 /* SceneDelegate.swift in Sources */ = {isa = PBXBuildFile; fileRef = D8494FB72B352A57001B6523 /* SceneDelegate.swift */; };
		D8494FBF2B352A5B001B6523 /* Assets.xcassets in Resources */ = {isa = PBXBuildFile; fileRef = D8494FBE2B352A5B001B6523 /* Assets.xcassets */; };
		D8494FC22B352A5B001B6523 /* LaunchScreen.storyboard in Resources */ = {isa = PBXBuildFile; fileRef = D8494FC02B352A5B001B6523 /* LaunchScreen.storyboard */; };
/* End PBXBuildFile section */

/* Begin PBXFileReference section */
		D839DF3A2B3535A200E82D16 /* Splash.storyboard */ = {isa = PBXFileReference; lastKnownFileType = file.storyboard; path = Splash.storyboard; sourceTree = "<group>"; };
		D839DF3C2B3535DD00E82D16 /* SplashViewController.swift */ = {isa = PBXFileReference; lastKnownFileType = sourcecode.swift; path = SplashViewController.swift; sourceTree = "<group>"; };
		D839DF422B35407200E82D16 /* Images.xcassets */ = {isa = PBXFileReference; lastKnownFileType = folder.assetcatalog; path = Images.xcassets; sourceTree = "<group>"; };
		D839DF442B35421B00E82D16 /* CCImage.swift */ = {isa = PBXFileReference; lastKnownFileType = sourcecode.swift; path = CCImage.swift; sourceTree = "<group>"; };
		D839DF462B35434600E82D16 /* Colors.xcassets */ = {isa = PBXFileReference; lastKnownFileType = folder.assetcatalog; path = Colors.xcassets; sourceTree = "<group>"; };
		D839DF482B35452D00E82D16 /* CCColor.swift */ = {isa = PBXFileReference; lastKnownFileType = sourcecode.swift; path = CCColor.swift; sourceTree = "<group>"; };
		D839DF4A2B3545FE00E82D16 /* CCFont.swift */ = {isa = PBXFileReference; lastKnownFileType = sourcecode.swift; path = CCFont.swift; sourceTree = "<group>"; };
		D839DF4E2B354B3600E82D16 /* Home.storyboard */ = {isa = PBXFileReference; lastKnownFileType = file.storyboard; path = Home.storyboard; sourceTree = "<group>"; };
		D839DF502B354B4600E82D16 /* HomeViewController.swift */ = {isa = PBXFileReference; lastKnownFileType = sourcecode.swift; path = HomeViewController.swift; sourceTree = "<group>"; };
		D839DF542B35513A00E82D16 /* HomeBannerCollectionViewCell.swift */ = {isa = PBXFileReference; lastKnownFileType = sourcecode.swift; path = HomeBannerCollectionViewCell.swift; sourceTree = "<group>"; };
		D839DF562B35595F00E82D16 /* HomeProductCollectionViewCell.swift */ = {isa = PBXFileReference; lastKnownFileType = sourcecode.swift; path = HomeProductCollectionViewCell.swift; sourceTree = "<group>"; };
		D839DF5A2B356C2600E82D16 /* NetworkService.swift */ = {isa = PBXFileReference; lastKnownFileType = sourcecode.swift; path = NetworkService.swift; sourceTree = "<group>"; };
		D839DF5D2B356FDF00E82D16 /* HomeResponse.swift */ = {isa = PBXFileReference; lastKnownFileType = sourcecode.swift; path = HomeResponse.swift; sourceTree = "<group>"; };
		D839DF622B357C2400E82D16 /* HomeViewModel.swift */ = {isa = PBXFileReference; lastKnownFileType = sourcecode.swift; path = HomeViewModel.swift; sourceTree = "<group>"; };
		D839DF652B3586B200E82D16 /* Numeric+Extension.swift */ = {isa = PBXFileReference; lastKnownFileType = sourcecode.swift; path = "Numeric+Extension.swift"; sourceTree = "<group>"; };
		D839DF672B358C9B00E82D16 /* HomeCouponButtonCollectionViewCell.swift */ = {isa = PBXFileReference; lastKnownFileType = sourcecode.swift; path = HomeCouponButtonCollectionViewCell.swift; sourceTree = "<group>"; };
		D839DF692B35D13100E82D16 /* HomeSeperatorCollectionViewCell.swift */ = {isa = PBXFileReference; lastKnownFileType = sourcecode.swift; path = HomeSeperatorCollectionViewCell.swift; sourceTree = "<group>"; };
		D839DF6B2B35D91500E82D16 /* HomeThemeCollectionViewCell.swift */ = {isa = PBXFileReference; lastKnownFileType = sourcecode.swift; path = HomeThemeCollectionViewCell.swift; sourceTree = "<group>"; };
		D839DF6D2B35DFD000E82D16 /* HomeThemeHeaderCollectionReusableView.swift */ = {isa = PBXFileReference; lastKnownFileType = sourcecode.swift; path = HomeThemeHeaderCollectionReusableView.swift; sourceTree = "<group>"; };
		D839DFA72B3AC7A300E82D16 /* HomeCategoryCollectionViewCell.swift */ = {isa = PBXFileReference; lastKnownFileType = sourcecode.swift; path = HomeCategoryCollectionViewCell.swift; sourceTree = "<group>"; };
		D839DFAA2B3B022B00E82D16 /* Favorite.storyboard */ = {isa = PBXFileReference; lastKnownFileType = file.storyboard; path = Favorite.storyboard; sourceTree = "<group>"; };
		D839DFAC2B3B024600E82D16 /* FavoriteViewController.swift */ = {isa = PBXFileReference; lastKnownFileType = sourcecode.swift; path = FavoriteViewController.swift; sourceTree = "<group>"; };
		D839DFAE2B3B026400E82D16 /* FavoriteViewModel.swift */ = {isa = PBXFileReference; lastKnownFileType = sourcecode.swift; path = FavoriteViewModel.swift; sourceTree = "<group>"; };
		D839DFB12B3BD86A00E82D16 /* FavoriteTableViewCell.swift */ = {isa = PBXFileReference; lastKnownFileType = sourcecode.swift; path = FavoriteTableViewCell.swift; sourceTree = "<group>"; };
		D839DFB32B3BDD3B00E82D16 /* FavoritePurchaseButton.swift */ = {isa = PBXFileReference; lastKnownFileType = sourcecode.swift; path = FavoritePurchaseButton.swift; sourceTree = "<group>"; };
		D839DFB52B3BDF2C00E82D16 /* FavoriteResponse.swift */ = {isa = PBXFileReference; lastKnownFileType = sourcecode.swift; path = FavoriteResponse.swift; sourceTree = "<group>"; };
		D839DFB72B3BE0D300E82D16 /* Product.swift */ = {isa = PBXFileReference; lastKnownFileType = sourcecode.swift; path = Product.swift; sourceTree = "<group>"; };
		D839DFBB2B3BF28300E82D16 /* ProductDetailRootView.swift */ = {isa = PBXFileReference; lastKnownFileType = sourcecode.swift; path = ProductDetailRootView.swift; sourceTree = "<group>"; };
		D839DFBD2B3BF2AC00E82D16 /* ProductDetailViewModel.swift */ = {isa = PBXFileReference; lastKnownFileType = sourcecode.swift; path = ProductDetailViewModel.swift; sourceTree = "<group>"; };
		D839DFBF2B3BF33300E82D16 /* ProductResponse.swift */ = {isa = PBXFileReference; lastKnownFileType = sourcecode.swift; path = ProductResponse.swift; sourceTree = "<group>"; };
		D839DFC12B3BFA4000E82D16 /* ProductDetailBannerView.swift */ = {isa = PBXFileReference; lastKnownFileType = sourcecode.swift; path = ProductDetailBannerView.swift; sourceTree = "<group>"; };
		D839DFC32B3BFF5A00E82D16 /* ProductDetailRateView.swift */ = {isa = PBXFileReference; lastKnownFileType = sourcecode.swift; path = ProductDetailRateView.swift; sourceTree = "<group>"; };
		D839DFC52B3C034000E82D16 /* ProductDetailOptionView.swift */ = {isa = PBXFileReference; lastKnownFileType = sourcecode.swift; path = ProductDetailOptionView.swift; sourceTree = "<group>"; };
		D839DFC72B3C04E800E82D16 /* ProductDetailPriceView.swift */ = {isa = PBXFileReference; lastKnownFileType = sourcecode.swift; path = ProductDetailPriceView.swift; sourceTree = "<group>"; };
		D839DFC92B3C104900E82D16 /* ProductDetailMoreButton.swift */ = {isa = PBXFileReference; lastKnownFileType = sourcecode.swift; path = ProductDetailMoreButton.swift; sourceTree = "<group>"; };
		D839DFCB2B3C11E800E82D16 /* ProductDetailPurchaseView.swift */ = {isa = PBXFileReference; lastKnownFileType = sourcecode.swift; path = ProductDetailPurchaseView.swift; sourceTree = "<group>"; };
		D839DFCD2B3C19A300E82D16 /* ProductDetail.storyboard */ = {isa = PBXFileReference; lastKnownFileType = file.storyboard; path = ProductDetail.storyboard; sourceTree = "<group>"; };
		D839DFCF2B3C19B700E82D16 /* ProductDetailViewController.swift */ = {isa = PBXFileReference; lastKnownFileType = sourcecode.swift; name = ProductDetailViewController.swift; path = View/ProductDetailViewController.swift; sourceTree = "<group>"; };
		D839DFD22B3C303C00E82D16 /* OptionViewController.swift */ = {isa = PBXFileReference; lastKnownFileType = sourcecode.swift; path = OptionViewController.swift; sourceTree = "<group>"; };
		D839DFD42B3C305300E82D16 /* OptionViewModel.swift */ = {isa = PBXFileReference; lastKnownFileType = sourcecode.swift; path = OptionViewModel.swift; sourceTree = "<group>"; };
		D839DFD62B3C305F00E82D16 /* OptionRootView.swift */ = {isa = PBXFileReference; lastKnownFileType = sourcecode.swift; path = OptionRootView.swift; sourceTree = "<group>"; };
		D8494FB22B352A57001B6523 /* CCommerce.app */ = {isa = PBXFileReference; explicitFileType = wrapper.application; includeInIndex = 0; path = CCommerce.app; sourceTree = BUILT_PRODUCTS_DIR; };
		D8494FB52B352A57001B6523 /* AppDelegate.swift */ = {isa = PBXFileReference; lastKnownFileType = sourcecode.swift; path = AppDelegate.swift; sourceTree = "<group>"; };
		D8494FB72B352A57001B6523 /* SceneDelegate.swift */ = {isa = PBXFileReference; lastKnownFileType = sourcecode.swift; path = SceneDelegate.swift; sourceTree = "<group>"; };
		D8494FBE2B352A5B001B6523 /* Assets.xcassets */ = {isa = PBXFileReference; lastKnownFileType = folder.assetcatalog; path = Assets.xcassets; sourceTree = "<group>"; };
		D8494FC12B352A5B001B6523 /* Base */ = {isa = PBXFileReference; lastKnownFileType = file.storyboard; name = Base; path = Base.lproj/LaunchScreen.storyboard; sourceTree = "<group>"; };
		D8494FC32B352A5B001B6523 /* Info.plist */ = {isa = PBXFileReference; lastKnownFileType = text.plist.xml; path = Info.plist; sourceTree = "<group>"; };
/* End PBXFileReference section */

/* Begin PBXFrameworksBuildPhase section */
		D8494FAF2B352A57001B6523 /* Frameworks */ = {
			isa = PBXFrameworksBuildPhase;
			buildActionMask = 2147483647;
			files = (
				D839DF612B35749500E82D16 /* Kingfisher in Frameworks */,
				D839DF402B353DE800E82D16 /* Lottie in Frameworks */,
			);
			runOnlyForDeploymentPostprocessing = 0;
		};
/* End PBXFrameworksBuildPhase section */

/* Begin PBXGroup section */
		D839DF412B35404E00E82D16 /* DesignSource */ = {
			isa = PBXGroup;
			children = (
				D8494FBE2B352A5B001B6523 /* Assets.xcassets */,
				D839DF422B35407200E82D16 /* Images.xcassets */,
				D839DF442B35421B00E82D16 /* CCImage.swift */,
				D839DF462B35434600E82D16 /* Colors.xcassets */,
				D839DF482B35452D00E82D16 /* CCColor.swift */,
				D839DF4A2B3545FE00E82D16 /* CCFont.swift */,
			);
			path = DesignSource;
			sourceTree = "<group>";
		};
		D839DF4C2B354B1800E82D16 /* Launch */ = {
			isa = PBXGroup;
			children = (
				D8494FC02B352A5B001B6523 /* LaunchScreen.storyboard */,
				D839DF3A2B3535A200E82D16 /* Splash.storyboard */,
				D839DF3C2B3535DD00E82D16 /* SplashViewController.swift */,
			);
			path = Launch;
			sourceTree = "<group>";
		};
		D839DF4D2B354B2600E82D16 /* Home */ = {
			isa = PBXGroup;
			children = (
				D839DF582B35667E00E82D16 /* View */,
				D839DF4E2B354B3600E82D16 /* Home.storyboard */,
				D839DF502B354B4600E82D16 /* HomeViewController.swift */,
				D839DF622B357C2400E82D16 /* HomeViewModel.swift */,
			);
			path = Home;
			sourceTree = "<group>";
		};
		D839DF522B354E3100E82D16 /* Feature */ = {
			isa = PBXGroup;
			children = (
				D839DF4C2B354B1800E82D16 /* Launch */,
				D839DF4D2B354B2600E82D16 /* Home */,
				D839DFA92B3B01FB00E82D16 /* Favorite */,
				D839DFB92B3BF21A00E82D16 /* ProductDetail */,
				D839DFD12B3C302800E82D16 /* Option */,
			);
			path = Feature;
			sourceTree = "<group>";
		};
		D839DF532B354E5300E82D16 /* App */ = {
			isa = PBXGroup;
			children = (
				D8494FB52B352A57001B6523 /* AppDelegate.swift */,
				D8494FB72B352A57001B6523 /* SceneDelegate.swift */,
			);
			path = App;
			sourceTree = "<group>";
		};
		D839DF582B35667E00E82D16 /* View */ = {
			isa = PBXGroup;
			children = (
				D839DF542B35513A00E82D16 /* HomeBannerCollectionViewCell.swift */,
				D839DF562B35595F00E82D16 /* HomeProductCollectionViewCell.swift */,
				D839DF672B358C9B00E82D16 /* HomeCouponButtonCollectionViewCell.swift */,
				D839DF692B35D13100E82D16 /* HomeSeperatorCollectionViewCell.swift */,
				D839DF6B2B35D91500E82D16 /* HomeThemeCollectionViewCell.swift */,
				D839DF6D2B35DFD000E82D16 /* HomeThemeHeaderCollectionReusableView.swift */,
				D839DFA72B3AC7A300E82D16 /* HomeCategoryCollectionViewCell.swift */,
			);
			path = View;
			sourceTree = "<group>";
		};
		D839DF592B356C1300E82D16 /* Network */ = {
			isa = PBXGroup;
			children = (
				D839DF5A2B356C2600E82D16 /* NetworkService.swift */,
			);
			path = Network;
			sourceTree = "<group>";
		};
		D839DF5C2B356F5700E82D16 /* Model */ = {
			isa = PBXGroup;
			children = (
				D839DF5D2B356FDF00E82D16 /* HomeResponse.swift */,
				D839DFB52B3BDF2C00E82D16 /* FavoriteResponse.swift */,
				D839DFBF2B3BF33300E82D16 /* ProductResponse.swift */,
				D839DFB72B3BE0D300E82D16 /* Product.swift */,
			);
			path = Model;
			sourceTree = "<group>";
		};
		D839DF642B3586A100E82D16 /* Extension */ = {
			isa = PBXGroup;
			children = (
				D839DF652B3586B200E82D16 /* Numeric+Extension.swift */,
			);
			path = Extension;
			sourceTree = "<group>";
		};
		D839DFA92B3B01FB00E82D16 /* Favorite */ = {
			isa = PBXGroup;
			children = (
				D839DFB02B3BD82800E82D16 /* View */,
				D839DFAA2B3B022B00E82D16 /* Favorite.storyboard */,
				D839DFAC2B3B024600E82D16 /* FavoriteViewController.swift */,
				D839DFAE2B3B026400E82D16 /* FavoriteViewModel.swift */,
			);
			path = Favorite;
			sourceTree = "<group>";
		};
		D839DFB02B3BD82800E82D16 /* View */ = {
			isa = PBXGroup;
			children = (
				D839DFB12B3BD86A00E82D16 /* FavoriteTableViewCell.swift */,
				D839DFB32B3BDD3B00E82D16 /* FavoritePurchaseButton.swift */,
			);
			path = View;
			sourceTree = "<group>";
		};
		D839DFB92B3BF21A00E82D16 /* ProductDetail */ = {
			isa = PBXGroup;
			children = (
				D839DFBA2B3BF22E00E82D16 /* View */,
				D839DFCD2B3C19A300E82D16 /* ProductDetail.storyboard */,
				D839DFCF2B3C19B700E82D16 /* ProductDetailViewController.swift */,
				D839DFBD2B3BF2AC00E82D16 /* ProductDetailViewModel.swift */,
			);
			path = ProductDetail;
			sourceTree = "<group>";
		};
		D839DFBA2B3BF22E00E82D16 /* View */ = {
			isa = PBXGroup;
			children = (
				D839DFBB2B3BF28300E82D16 /* ProductDetailRootView.swift */,
				D839DFC12B3BFA4000E82D16 /* ProductDetailBannerView.swift */,
				D839DFC32B3BFF5A00E82D16 /* ProductDetailRateView.swift */,
				D839DFC52B3C034000E82D16 /* ProductDetailOptionView.swift */,
				D839DFC72B3C04E800E82D16 /* ProductDetailPriceView.swift */,
				D839DFC92B3C104900E82D16 /* ProductDetailMoreButton.swift */,
				D839DFCB2B3C11E800E82D16 /* ProductDetailPurchaseView.swift */,
			);
			path = View;
			sourceTree = "<group>";
		};
		D839DFD12B3C302800E82D16 /* Option */ = {
			isa = PBXGroup;
			children = (
				D839DFD22B3C303C00E82D16 /* OptionViewController.swift */,
				D839DFD42B3C305300E82D16 /* OptionViewModel.swift */,
				D839DFD62B3C305F00E82D16 /* OptionRootView.swift */,
			);
			path = Option;
			sourceTree = "<group>";
		};
		D8494FA92B352A57001B6523 = {
			isa = PBXGroup;
			children = (
				D8494FB42B352A57001B6523 /* CCommerce */,
				D8494FB32B352A57001B6523 /* Products */,
			);
			sourceTree = "<group>";
		};
		D8494FB32B352A57001B6523 /* Products */ = {
			isa = PBXGroup;
			children = (
				D8494FB22B352A57001B6523 /* CCommerce.app */,
			);
			name = Products;
			sourceTree = "<group>";
		};
		D8494FB42B352A57001B6523 /* CCommerce */ = {
			isa = PBXGroup;
			children = (
				D8494FC32B352A5B001B6523 /* Info.plist */,
				D839DF532B354E5300E82D16 /* App */,
				D839DF412B35404E00E82D16 /* DesignSource */,
				D839DF642B3586A100E82D16 /* Extension */,
				D839DF592B356C1300E82D16 /* Network */,
				D839DF5C2B356F5700E82D16 /* Model */,
				D839DF522B354E3100E82D16 /* Feature */,
			);
			path = CCommerce;
			sourceTree = "<group>";
		};
/* End PBXGroup section */

/* Begin PBXNativeTarget section */
		D8494FB12B352A57001B6523 /* CCommerce */ = {
			isa = PBXNativeTarget;
			buildConfigurationList = D8494FC62B352A5B001B6523 /* Build configuration list for PBXNativeTarget "CCommerce" */;
			buildPhases = (
				D8494FAE2B352A57001B6523 /* Sources */,
				D8494FAF2B352A57001B6523 /* Frameworks */,
				D8494FB02B352A57001B6523 /* Resources */,
			);
			buildRules = (
			);
			dependencies = (
			);
			name = CCommerce;
			packageProductDependencies = (
				D839DF3F2B353DE800E82D16 /* Lottie */,
				D839DF602B35749500E82D16 /* Kingfisher */,
			);
			productName = CCommerce;
			productReference = D8494FB22B352A57001B6523 /* CCommerce.app */;
			productType = "com.apple.product-type.application";
		};
/* End PBXNativeTarget section */

/* Begin PBXProject section */
		D8494FAA2B352A57001B6523 /* Project object */ = {
			isa = PBXProject;
			attributes = {
				BuildIndependentTargetsInParallel = 1;
				LastSwiftUpdateCheck = 1500;
				LastUpgradeCheck = 1500;
				TargetAttributes = {
					D8494FB12B352A57001B6523 = {
						CreatedOnToolsVersion = 15.0.1;
					};
				};
			};
			buildConfigurationList = D8494FAD2B352A57001B6523 /* Build configuration list for PBXProject "CCommerce" */;
			compatibilityVersion = "Xcode 14.0";
			developmentRegion = en;
			hasScannedForEncodings = 0;
			knownRegions = (
				en,
				Base,
			);
			mainGroup = D8494FA92B352A57001B6523;
			packageReferences = (
				D839DF3E2B353DE800E82D16 /* XCRemoteSwiftPackageReference "lottie-ios" */,
				D839DF5F2B35749500E82D16 /* XCRemoteSwiftPackageReference "Kingfisher" */,
			);
			productRefGroup = D8494FB32B352A57001B6523 /* Products */;
			projectDirPath = "";
			projectRoot = "";
			targets = (
				D8494FB12B352A57001B6523 /* CCommerce */,
			);
		};
/* End PBXProject section */

/* Begin PBXResourcesBuildPhase section */
		D8494FB02B352A57001B6523 /* Resources */ = {
			isa = PBXResourcesBuildPhase;
			buildActionMask = 2147483647;
			files = (
				D839DF4F2B354B3600E82D16 /* Home.storyboard in Resources */,
				D8494FC22B352A5B001B6523 /* LaunchScreen.storyboard in Resources */,
				D839DFAB2B3B022B00E82D16 /* Favorite.storyboard in Resources */,
				D839DFCE2B3C19A300E82D16 /* ProductDetail.storyboard in Resources */,
				D839DF432B35407200E82D16 /* Images.xcassets in Resources */,
				D8494FBF2B352A5B001B6523 /* Assets.xcassets in Resources */,
				D839DF472B35434600E82D16 /* Colors.xcassets in Resources */,
				D839DF3B2B3535A200E82D16 /* Splash.storyboard in Resources */,
			);
			runOnlyForDeploymentPostprocessing = 0;
		};
/* End PBXResourcesBuildPhase section */

/* Begin PBXSourcesBuildPhase section */
		D8494FAE2B352A57001B6523 /* Sources */ = {
			isa = PBXSourcesBuildPhase;
			buildActionMask = 2147483647;
			files = (
				D839DF5B2B356C2600E82D16 /* NetworkService.swift in Sources */,
				D839DFA82B3AC7A300E82D16 /* HomeCategoryCollectionViewCell.swift in Sources */,
				D839DF452B35421B00E82D16 /* CCImage.swift in Sources */,
				D839DF572B35595F00E82D16 /* HomeProductCollectionViewCell.swift in Sources */,
				D839DF492B35452D00E82D16 /* CCColor.swift in Sources */,
				D839DFD52B3C305300E82D16 /* OptionViewModel.swift in Sources */,
				D839DF662B3586B200E82D16 /* Numeric+Extension.swift in Sources */,
				D839DF6E2B35DFD000E82D16 /* HomeThemeHeaderCollectionReusableView.swift in Sources */,
				D839DFC42B3BFF5A00E82D16 /* ProductDetailRateView.swift in Sources */,
				D839DF682B358C9B00E82D16 /* HomeCouponButtonCollectionViewCell.swift in Sources */,
				D839DFD72B3C305F00E82D16 /* OptionRootView.swift in Sources */,
				D839DF512B354B4600E82D16 /* HomeViewController.swift in Sources */,
				D839DFC22B3BFA4000E82D16 /* ProductDetailBannerView.swift in Sources */,
				D839DFD32B3C303C00E82D16 /* OptionViewController.swift in Sources */,
				D8494FB62B352A57001B6523 /* AppDelegate.swift in Sources */,
				D839DFB62B3BDF2C00E82D16 /* FavoriteResponse.swift in Sources */,
				D839DFB42B3BDD3B00E82D16 /* FavoritePurchaseButton.swift in Sources */,
				D839DF4B2B3545FE00E82D16 /* CCFont.swift in Sources */,
				D839DF6A2B35D13100E82D16 /* HomeSeperatorCollectionViewCell.swift in Sources */,
				D839DF632B357C2400E82D16 /* HomeViewModel.swift in Sources */,
				D839DFC82B3C04E800E82D16 /* ProductDetailPriceView.swift in Sources */,
				D839DFC02B3BF33300E82D16 /* ProductResponse.swift in Sources */,
				D8494FB82B352A57001B6523 /* SceneDelegate.swift in Sources */,
				D839DFAD2B3B024600E82D16 /* FavoriteViewController.swift in Sources */,
				D839DFC62B3C034000E82D16 /* ProductDetailOptionView.swift in Sources */,
				D839DFB82B3BE0D300E82D16 /* Product.swift in Sources */,
				D839DF3D2B3535DD00E82D16 /* SplashViewController.swift in Sources */,
				D839DFCA2B3C104900E82D16 /* ProductDetailMoreButton.swift in Sources */,
				D839DF6C2B35D91500E82D16 /* HomeThemeCollectionViewCell.swift in Sources */,
				D839DF552B35513A00E82D16 /* HomeBannerCollectionViewCell.swift in Sources */,
				D839DFD02B3C19B700E82D16 /* ProductDetailViewController.swift in Sources */,
				D839DFBE2B3BF2AC00E82D16 /* ProductDetailViewModel.swift in Sources */,
				D839DFAF2B3B026400E82D16 /* FavoriteViewModel.swift in Sources */,
				D839DFCC2B3C11E800E82D16 /* ProductDetailPurchaseView.swift in Sources */,
				D839DFB22B3BD86A00E82D16 /* FavoriteTableViewCell.swift in Sources */,
				D839DF5E2B356FDF00E82D16 /* HomeResponse.swift in Sources */,
				D839DFBC2B3BF28300E82D16 /* ProductDetailRootView.swift in Sources */,
			);
			runOnlyForDeploymentPostprocessing = 0;
		};
/* End PBXSourcesBuildPhase section */

/* Begin PBXVariantGroup section */
		D8494FC02B352A5B001B6523 /* LaunchScreen.storyboard */ = {
			isa = PBXVariantGroup;
			children = (
				D8494FC12B352A5B001B6523 /* Base */,
			);
			name = LaunchScreen.storyboard;
			sourceTree = "<group>";
		};
/* End PBXVariantGroup section */

/* Begin XCBuildConfiguration section */
		D8494FC42B352A5B001B6523 /* Debug */ = {
			isa = XCBuildConfiguration;
			buildSettings = {
				ALWAYS_SEARCH_USER_PATHS = NO;
				ASSETCATALOG_COMPILER_GENERATE_SWIFT_ASSET_SYMBOL_EXTENSIONS = YES;
				CLANG_ANALYZER_NONNULL = YES;
				CLANG_ANALYZER_NUMBER_OBJECT_CONVERSION = YES_AGGRESSIVE;
				CLANG_CXX_LANGUAGE_STANDARD = "gnu++20";
				CLANG_ENABLE_MODULES = YES;
				CLANG_ENABLE_OBJC_ARC = YES;
				CLANG_ENABLE_OBJC_WEAK = YES;
				CLANG_WARN_BLOCK_CAPTURE_AUTORELEASING = YES;
				CLANG_WARN_BOOL_CONVERSION = YES;
				CLANG_WARN_COMMA = YES;
				CLANG_WARN_CONSTANT_CONVERSION = YES;
				CLANG_WARN_DEPRECATED_OBJC_IMPLEMENTATIONS = YES;
				CLANG_WARN_DIRECT_OBJC_ISA_USAGE = YES_ERROR;
				CLANG_WARN_DOCUMENTATION_COMMENTS = YES;
				CLANG_WARN_EMPTY_BODY = YES;
				CLANG_WARN_ENUM_CONVERSION = YES;
				CLANG_WARN_INFINITE_RECURSION = YES;
				CLANG_WARN_INT_CONVERSION = YES;
				CLANG_WARN_NON_LITERAL_NULL_CONVERSION = YES;
				CLANG_WARN_OBJC_IMPLICIT_RETAIN_SELF = YES;
				CLANG_WARN_OBJC_LITERAL_CONVERSION = YES;
				CLANG_WARN_OBJC_ROOT_CLASS = YES_ERROR;
				CLANG_WARN_QUOTED_INCLUDE_IN_FRAMEWORK_HEADER = YES;
				CLANG_WARN_RANGE_LOOP_ANALYSIS = YES;
				CLANG_WARN_STRICT_PROTOTYPES = YES;
				CLANG_WARN_SUSPICIOUS_MOVE = YES;
				CLANG_WARN_UNGUARDED_AVAILABILITY = YES_AGGRESSIVE;
				CLANG_WARN_UNREACHABLE_CODE = YES;
				CLANG_WARN__DUPLICATE_METHOD_MATCH = YES;
				COPY_PHASE_STRIP = NO;
				DEBUG_INFORMATION_FORMAT = dwarf;
				ENABLE_STRICT_OBJC_MSGSEND = YES;
				ENABLE_TESTABILITY = YES;
				ENABLE_USER_SCRIPT_SANDBOXING = YES;
				GCC_C_LANGUAGE_STANDARD = gnu17;
				GCC_DYNAMIC_NO_PIC = NO;
				GCC_NO_COMMON_BLOCKS = YES;
				GCC_OPTIMIZATION_LEVEL = 0;
				GCC_PREPROCESSOR_DEFINITIONS = (
					"DEBUG=1",
					"$(inherited)",
				);
				GCC_WARN_64_TO_32_BIT_CONVERSION = YES;
				GCC_WARN_ABOUT_RETURN_TYPE = YES_ERROR;
				GCC_WARN_UNDECLARED_SELECTOR = YES;
				GCC_WARN_UNINITIALIZED_AUTOS = YES_AGGRESSIVE;
				GCC_WARN_UNUSED_FUNCTION = YES;
				GCC_WARN_UNUSED_VARIABLE = YES;
				IPHONEOS_DEPLOYMENT_TARGET = 17.0;
				LOCALIZATION_PREFERS_STRING_CATALOGS = YES;
				MTL_ENABLE_DEBUG_INFO = INCLUDE_SOURCE;
				MTL_FAST_MATH = YES;
				ONLY_ACTIVE_ARCH = YES;
				SDKROOT = iphoneos;
				SWIFT_ACTIVE_COMPILATION_CONDITIONS = "DEBUG $(inherited)";
				SWIFT_OPTIMIZATION_LEVEL = "-Onone";
			};
			name = Debug;
		};
		D8494FC52B352A5B001B6523 /* Release */ = {
			isa = XCBuildConfiguration;
			buildSettings = {
				ALWAYS_SEARCH_USER_PATHS = NO;
				ASSETCATALOG_COMPILER_GENERATE_SWIFT_ASSET_SYMBOL_EXTENSIONS = YES;
				CLANG_ANALYZER_NONNULL = YES;
				CLANG_ANALYZER_NUMBER_OBJECT_CONVERSION = YES_AGGRESSIVE;
				CLANG_CXX_LANGUAGE_STANDARD = "gnu++20";
				CLANG_ENABLE_MODULES = YES;
				CLANG_ENABLE_OBJC_ARC = YES;
				CLANG_ENABLE_OBJC_WEAK = YES;
				CLANG_WARN_BLOCK_CAPTURE_AUTORELEASING = YES;
				CLANG_WARN_BOOL_CONVERSION = YES;
				CLANG_WARN_COMMA = YES;
				CLANG_WARN_CONSTANT_CONVERSION = YES;
				CLANG_WARN_DEPRECATED_OBJC_IMPLEMENTATIONS = YES;
				CLANG_WARN_DIRECT_OBJC_ISA_USAGE = YES_ERROR;
				CLANG_WARN_DOCUMENTATION_COMMENTS = YES;
				CLANG_WARN_EMPTY_BODY = YES;
				CLANG_WARN_ENUM_CONVERSION = YES;
				CLANG_WARN_INFINITE_RECURSION = YES;
				CLANG_WARN_INT_CONVERSION = YES;
				CLANG_WARN_NON_LITERAL_NULL_CONVERSION = YES;
				CLANG_WARN_OBJC_IMPLICIT_RETAIN_SELF = YES;
				CLANG_WARN_OBJC_LITERAL_CONVERSION = YES;
				CLANG_WARN_OBJC_ROOT_CLASS = YES_ERROR;
				CLANG_WARN_QUOTED_INCLUDE_IN_FRAMEWORK_HEADER = YES;
				CLANG_WARN_RANGE_LOOP_ANALYSIS = YES;
				CLANG_WARN_STRICT_PROTOTYPES = YES;
				CLANG_WARN_SUSPICIOUS_MOVE = YES;
				CLANG_WARN_UNGUARDED_AVAILABILITY = YES_AGGRESSIVE;
				CLANG_WARN_UNREACHABLE_CODE = YES;
				CLANG_WARN__DUPLICATE_METHOD_MATCH = YES;
				COPY_PHASE_STRIP = NO;
				DEBUG_INFORMATION_FORMAT = "dwarf-with-dsym";
				ENABLE_NS_ASSERTIONS = NO;
				ENABLE_STRICT_OBJC_MSGSEND = YES;
				ENABLE_USER_SCRIPT_SANDBOXING = YES;
				GCC_C_LANGUAGE_STANDARD = gnu17;
				GCC_NO_COMMON_BLOCKS = YES;
				GCC_WARN_64_TO_32_BIT_CONVERSION = YES;
				GCC_WARN_ABOUT_RETURN_TYPE = YES_ERROR;
				GCC_WARN_UNDECLARED_SELECTOR = YES;
				GCC_WARN_UNINITIALIZED_AUTOS = YES_AGGRESSIVE;
				GCC_WARN_UNUSED_FUNCTION = YES;
				GCC_WARN_UNUSED_VARIABLE = YES;
				IPHONEOS_DEPLOYMENT_TARGET = 17.0;
				LOCALIZATION_PREFERS_STRING_CATALOGS = YES;
				MTL_ENABLE_DEBUG_INFO = NO;
				MTL_FAST_MATH = YES;
				SDKROOT = iphoneos;
				SWIFT_COMPILATION_MODE = wholemodule;
				VALIDATE_PRODUCT = YES;
			};
			name = Release;
		};
		D8494FC72B352A5B001B6523 /* Debug */ = {
			isa = XCBuildConfiguration;
			buildSettings = {
				ASSETCATALOG_COMPILER_APPICON_NAME = AppIcon;
				ASSETCATALOG_COMPILER_GLOBAL_ACCENT_COLOR_NAME = AccentColor;
				CODE_SIGN_STYLE = Automatic;
				CURRENT_PROJECT_VERSION = 1;
				DEVELOPMENT_TEAM = Q9UQ8U75N8;
				GENERATE_INFOPLIST_FILE = YES;
				INFOPLIST_FILE = CCommerce/Info.plist;
				INFOPLIST_KEY_UIApplicationSupportsIndirectInputEvents = YES;
				INFOPLIST_KEY_UILaunchStoryboardName = LaunchScreen.storyboard;
				INFOPLIST_KEY_UIMainStoryboardFile = Splash;
				INFOPLIST_KEY_UISupportedInterfaceOrientations_iPad = "UIInterfaceOrientationPortrait UIInterfaceOrientationPortraitUpsideDown UIInterfaceOrientationLandscapeLeft UIInterfaceOrientationLandscapeRight";
				INFOPLIST_KEY_UISupportedInterfaceOrientations_iPhone = "UIInterfaceOrientationPortrait UIInterfaceOrientationLandscapeLeft UIInterfaceOrientationLandscapeRight";
				LD_RUNPATH_SEARCH_PATHS = (
					"$(inherited)",
					"@executable_path/Frameworks",
				);
				MARKETING_VERSION = 1.0;
				PRODUCT_BUNDLE_IDENTIFIER = dodor.CCommerce;
				PRODUCT_NAME = "$(TARGET_NAME)";
				SWIFT_EMIT_LOC_STRINGS = YES;
				SWIFT_VERSION = 5.0;
				TARGETED_DEVICE_FAMILY = "1,2";
			};
			name = Debug;
		};
		D8494FC82B352A5B001B6523 /* Release */ = {
			isa = XCBuildConfiguration;
			buildSettings = {
				ASSETCATALOG_COMPILER_APPICON_NAME = AppIcon;
				ASSETCATALOG_COMPILER_GLOBAL_ACCENT_COLOR_NAME = AccentColor;
				CODE_SIGN_STYLE = Automatic;
				CURRENT_PROJECT_VERSION = 1;
				DEVELOPMENT_TEAM = Q9UQ8U75N8;
				GENERATE_INFOPLIST_FILE = YES;
				INFOPLIST_FILE = CCommerce/Info.plist;
				INFOPLIST_KEY_UIApplicationSupportsIndirectInputEvents = YES;
				INFOPLIST_KEY_UILaunchStoryboardName = LaunchScreen.storyboard;
				INFOPLIST_KEY_UIMainStoryboardFile = Splash;
				INFOPLIST_KEY_UISupportedInterfaceOrientations_iPad = "UIInterfaceOrientationPortrait UIInterfaceOrientationPortraitUpsideDown UIInterfaceOrientationLandscapeLeft UIInterfaceOrientationLandscapeRight";
				INFOPLIST_KEY_UISupportedInterfaceOrientations_iPhone = "UIInterfaceOrientationPortrait UIInterfaceOrientationLandscapeLeft UIInterfaceOrientationLandscapeRight";
				LD_RUNPATH_SEARCH_PATHS = (
					"$(inherited)",
					"@executable_path/Frameworks",
				);
				MARKETING_VERSION = 1.0;
				PRODUCT_BUNDLE_IDENTIFIER = dodor.CCommerce;
				PRODUCT_NAME = "$(TARGET_NAME)";
				SWIFT_EMIT_LOC_STRINGS = YES;
				SWIFT_VERSION = 5.0;
				TARGETED_DEVICE_FAMILY = "1,2";
			};
			name = Release;
		};
/* End XCBuildConfiguration section */

/* Begin XCConfigurationList section */
		D8494FAD2B352A57001B6523 /* Build configuration list for PBXProject "CCommerce" */ = {
			isa = XCConfigurationList;
			buildConfigurations = (
				D8494FC42B352A5B001B6523 /* Debug */,
				D8494FC52B352A5B001B6523 /* Release */,
			);
			defaultConfigurationIsVisible = 0;
			defaultConfigurationName = Release;
		};
		D8494FC62B352A5B001B6523 /* Build configuration list for PBXNativeTarget "CCommerce" */ = {
			isa = XCConfigurationList;
			buildConfigurations = (
				D8494FC72B352A5B001B6523 /* Debug */,
				D8494FC82B352A5B001B6523 /* Release */,
			);
			defaultConfigurationIsVisible = 0;
			defaultConfigurationName = Release;
		};
/* End XCConfigurationList section */

/* Begin XCRemoteSwiftPackageReference section */
		D839DF3E2B353DE800E82D16 /* XCRemoteSwiftPackageReference "lottie-ios" */ = {
			isa = XCRemoteSwiftPackageReference;
			repositoryURL = "https://github.com/airbnb/lottie-ios.git";
			requirement = {
				kind = upToNextMajorVersion;
				minimumVersion = 4.3.4;
			};
		};
		D839DF5F2B35749500E82D16 /* XCRemoteSwiftPackageReference "Kingfisher" */ = {
			isa = XCRemoteSwiftPackageReference;
			repositoryURL = "https://github.com/onevcat/Kingfisher.git";
			requirement = {
				kind = upToNextMajorVersion;
				minimumVersion = 7.10.1;
			};
		};
/* End XCRemoteSwiftPackageReference section */

/* Begin XCSwiftPackageProductDependency section */
		D839DF3F2B353DE800E82D16 /* Lottie */ = {
			isa = XCSwiftPackageProductDependency;
			package = D839DF3E2B353DE800E82D16 /* XCRemoteSwiftPackageReference "lottie-ios" */;
			productName = Lottie;
		};
		D839DF602B35749500E82D16 /* Kingfisher */ = {
			isa = XCSwiftPackageProductDependency;
			package = D839DF5F2B35749500E82D16 /* XCRemoteSwiftPackageReference "Kingfisher" */;
			productName = Kingfisher;
		};
/* End XCSwiftPackageProductDependency section */
	};
	rootObject = D8494FAA2B352A57001B6523 /* Project object */;
}
